{
  "version": 4,
  "terraform_version": "1.5.0",
  "serial": 13,
  "lineage": "7db678cd-8ec7-c6c8-5755-0981d3b9e79a",
  "outputs": {},
  "resources": [
    {
      "module": "module.alemi-tools-repo",
      "mode": "managed",
      "type": "google_artifact_registry_repository",
      "name": "my-repo",
      "provider": "provider[\"registry.terraform.io/hashicorp/google\"]",
      "instances": [
        {
          "schema_version": 0,
          "attributes": {
            "cleanup_policies": [],
            "cleanup_policy_dry_run": false,
            "create_time": "2024-04-14T12:06:47.622536Z",
            "description": "created by terraform",
            "docker_config": [],
            "effective_labels": {},
            "format": "DOCKER",
            "id": "projects/terraform-project-alemi-oct24/locations/us-central1/repositories/app8-repo",
            "kms_key_name": "",
            "labels": null,
            "location": "us-central1",
            "maven_config": [],
            "mode": "STANDARD_REPOSITORY",
            "name": "app8-repo",
            "project": "terraform-project-alemi-oct24",
            "remote_repository_config": [],
            "repository_id": "app8-repo",
            "terraform_labels": {},
            "timeouts": null,
            "update_time": "2024-04-14T12:06:47.622536Z",
            "virtual_repository_config": []
          },
          "sensitive_attributes": [],
          "private": "eyJlMmJmYjczMC1lY2FhLTExZTYtOGY4OC0zNDM2M2JjN2M0YzAiOnsiY3JlYXRlIjoxMjAwMDAwMDAwMDAwLCJkZWxldGUiOjEyMDAwMDAwMDAwMDAsInVwZGF0ZSI6MTIwMDAwMDAwMDAwMH19"
        }
      ]
    },
    {
      "module": "module.app1-repo",
      "mode": "managed",
      "type": "google_artifact_registry_repository",
      "name": "my-repo",
      "provider": "provider[\"registry.terraform.io/hashicorp/google\"]",
      "instances": [
        {
          "schema_version": 0,
          "attributes": {
            "cleanup_policies": [],
            "cleanup_policy_dry_run": false,
            "create_time": "2024-04-14T12:06:48.051035Z",
            "description": "created by terraform",
            "docker_config": [],
            "effective_labels": {},
            "format": "DOCKER",
            "id": "projects/terraform-project-alemi-oct24/locations/us-central1/repositories/app1-repo",
            "kms_key_name": "",
            "labels": null,
            "location": "us-central1",
            "maven_config": [],
            "mode": "STANDARD_REPOSITORY",
            "name": "app1-repo",
            "project": "terraform-project-alemi-oct24",
            "remote_repository_config": [],
            "repository_id": "app1-repo",
            "terraform_labels": {},
            "timeouts": null,
            "update_time": "2024-04-14T12:06:48.051035Z",
            "virtual_repository_config": []
          },
          "sensitive_attributes": [],
          "private": "eyJlMmJmYjczMC1lY2FhLTExZTYtOGY4OC0zNDM2M2JjN2M0YzAiOnsiY3JlYXRlIjoxMjAwMDAwMDAwMDAwLCJkZWxldGUiOjEyMDAwMDAwMDAwMDAsInVwZGF0ZSI6MTIwMDAwMDAwMDAwMH19"
        }
      ]
    },
    {
      "module": "module.app2-repo",
      "mode": "managed",
      "type": "google_artifact_registry_repository",
      "name": "my-repo",
      "provider": "provider[\"registry.terraform.io/hashicorp/google\"]",
      "instances": [
        {
          "schema_version": 0,
          "attributes": {
            "cleanup_policies": [],
            "cleanup_policy_dry_run": false,
            "create_time": "2024-04-14T12:06:48.015197Z",
            "description": "created by terraform",
            "docker_config": [],
            "effective_labels": {},
            "format": "DOCKER",
            "id": "projects/terraform-project-alemi-oct24/locations/us-central1/repositories/app2-repo",
            "kms_key_name": "",
            "labels": null,
            "location": "us-central1",
            "maven_config": [],
            "mode": "STANDARD_REPOSITORY",
            "name": "app2-repo",
            "project": "terraform-project-alemi-oct24",
            "remote_repository_config": [],
            "repository_id": "app2-repo",
            "terraform_labels": {},
            "timeouts": null,
            "update_time": "2024-04-14T12:06:48.015197Z",
            "virtual_repository_config": []
          },
          "sensitive_attributes": [],
          "private": "eyJlMmJmYjczMC1lY2FhLTExZTYtOGY4OC0zNDM2M2JjN2M0YzAiOnsiY3JlYXRlIjoxMjAwMDAwMDAwMDAwLCJkZWxldGUiOjEyMDAwMDAwMDAwMDAsInVwZGF0ZSI6MTIwMDAwMDAwMDAwMH19"
        }
      ]
    },
    {
      "module": "module.my-repository",
      "mode": "managed",
      "type": "google_artifact_registry_repository",
      "name": "my-repo",
      "provider": "provider[\"registry.terraform.io/hashicorp/google\"]",
      "instances": [
        {
          "schema_version": 0,
          "attributes": {
            "cleanup_policies": [],
            "cleanup_policy_dry_run": false,
            "create_time": "2024-04-14T12:06:47.744220Z",
            "description": "created by terraform",
            "docker_config": [],
            "effective_labels": {},
            "format": "DOCKER",
            "id": "projects/terraform-project-alemi-oct24/locations/us-central1/repositories/my-repo",
            "kms_key_name": "",
            "labels": null,
            "location": "us-central1",
            "maven_config": [],
            "mode": "STANDARD_REPOSITORY",
            "name": "my-repo",
            "project": "terraform-project-alemi-oct24",
            "remote_repository_config": [],
            "repository_id": "my-repo",
            "terraform_labels": {},
            "timeouts": null,
            "update_time": "2024-04-14T12:06:47.744220Z",
            "virtual_repository_config": []
          },
          "sensitive_attributes": [],
          "private": "eyJlMmJmYjczMC1lY2FhLTExZTYtOGY4OC0zNDM2M2JjN2M0YzAiOnsiY3JlYXRlIjoxMjAwMDAwMDAwMDAwLCJkZWxldGUiOjEyMDAwMDAwMDAwMDAsInVwZGF0ZSI6MTIwMDAwMDAwMDAwMH19"
        }
      ]
    }
  ],
  "check_results": null
}
